// !$*UTF8*$!
{
	archiveVersion = 1;
	classes = {
	};
	objectVersion = 50;
	objects = {

/* Begin PBXBuildFile section */
		047FDCDC26F0872B00066BD6 /* AppDelegate.swift in Sources */ = {isa = PBXBuildFile; fileRef = 047FDCDB26F0872B00066BD6 /* AppDelegate.swift */; };
		047FDCDE26F0872B00066BD6 /* SceneDelegate.swift in Sources */ = {isa = PBXBuildFile; fileRef = 047FDCDD26F0872B00066BD6 /* SceneDelegate.swift */; };
		047FDCE326F0872B00066BD6 /* Main.storyboard in Resources */ = {isa = PBXBuildFile; fileRef = 047FDCE126F0872B00066BD6 /* Main.storyboard */; };
		047FDCE526F0872D00066BD6 /* Assets.xcassets in Resources */ = {isa = PBXBuildFile; fileRef = 047FDCE426F0872D00066BD6 /* Assets.xcassets */; };
		047FDCE826F0872D00066BD6 /* LaunchScreen.storyboard in Resources */ = {isa = PBXBuildFile; fileRef = 047FDCE626F0872D00066BD6 /* LaunchScreen.storyboard */; };
		047FDCF526F09F3C00066BD6 /* OnboardingViewController.swift in Sources */ = {isa = PBXBuildFile; fileRef = 047FDCF426F09F3C00066BD6 /* OnboardingViewController.swift */; };
		047FDCF826F0A1FF00066BD6 /* UIView+Ext.swift in Sources */ = {isa = PBXBuildFile; fileRef = 047FDCF726F0A1FF00066BD6 /* UIView+Ext.swift */; };
		047FDCFA26F0A30900066BD6 /* OnboardingSlide.swift in Sources */ = {isa = PBXBuildFile; fileRef = 047FDCF926F0A30900066BD6 /* OnboardingSlide.swift */; };
		047FDCFC26F0A62B00066BD6 /* OnboardingCollectionViewCell.swift in Sources */ = {isa = PBXBuildFile; fileRef = 047FDCFB26F0A62B00066BD6 /* OnboardingCollectionViewCell.swift */; };
		04EEF8FA26F2875B002BD50F /* HomeViewController.swift in Sources */ = {isa = PBXBuildFile; fileRef = 04EEF8F926F2875B002BD50F /* HomeViewController.swift */; };
/* End PBXBuildFile section */

/* Begin PBXFileReference section */
		047FDCD826F0872B00066BD6 /* Big Bite.app */ = {isa = PBXFileReference; explicitFileType = wrapper.application; includeInIndex = 0; path = "Big Bite.app"; sourceTree = BUILT_PRODUCTS_DIR; };
		047FDCDB26F0872B00066BD6 /* AppDelegate.swift */ = {isa = PBXFileReference; lastKnownFileType = sourcecode.swift; path = AppDelegate.swift; sourceTree = "<group>"; };
		047FDCDD26F0872B00066BD6 /* SceneDelegate.swift */ = {isa = PBXFileReference; lastKnownFileType = sourcecode.swift; path = SceneDelegate.swift; sourceTree = "<group>"; };
		047FDCE226F0872B00066BD6 /* Base */ = {isa = PBXFileReference; lastKnownFileType = file.storyboard; name = Base; path = Base.lproj/Main.storyboard; sourceTree = "<group>"; };
		047FDCE426F0872D00066BD6 /* Assets.xcassets */ = {isa = PBXFileReference; lastKnownFileType = folder.assetcatalog; path = Assets.xcassets; sourceTree = "<group>"; };
		047FDCE726F0872D00066BD6 /* Base */ = {isa = PBXFileReference; lastKnownFileType = file.storyboard; name = Base; path = Base.lproj/LaunchScreen.storyboard; sourceTree = "<group>"; };
		047FDCE926F0872D00066BD6 /* Info.plist */ = {isa = PBXFileReference; lastKnownFileType = text.plist.xml; path = Info.plist; sourceTree = "<group>"; };
		047FDCF426F09F3C00066BD6 /* OnboardingViewController.swift */ = {isa = PBXFileReference; lastKnownFileType = sourcecode.swift; path = OnboardingViewController.swift; sourceTree = "<group>"; };
		047FDCF726F0A1FF00066BD6 /* UIView+Ext.swift */ = {isa = PBXFileReference; lastKnownFileType = sourcecode.swift; path = "UIView+Ext.swift"; sourceTree = "<group>"; };
		047FDCF926F0A30900066BD6 /* OnboardingSlide.swift */ = {isa = PBXFileReference; lastKnownFileType = sourcecode.swift; path = OnboardingSlide.swift; sourceTree = "<group>"; };
		047FDCFB26F0A62B00066BD6 /* OnboardingCollectionViewCell.swift */ = {isa = PBXFileReference; lastKnownFileType = sourcecode.swift; path = OnboardingCollectionViewCell.swift; sourceTree = "<group>"; };
		04EEF8F926F2875B002BD50F /* HomeViewController.swift */ = {isa = PBXFileReference; lastKnownFileType = sourcecode.swift; path = HomeViewController.swift; sourceTree = "<group>"; };
/* End PBXFileReference section */

/* Begin PBXFrameworksBuildPhase section */
		047FDCD526F0872B00066BD6 /* Frameworks */ = {
			isa = PBXFrameworksBuildPhase;
			buildActionMask = 2147483647;
			files = (
			);
			runOnlyForDeploymentPostprocessing = 0;
		};
/* End PBXFrameworksBuildPhase section */

/* Begin PBXGroup section */
		047FDCCF26F0872B00066BD6 = {
			isa = PBXGroup;
			children = (
				047FDCDA26F0872B00066BD6 /* Big Bite */,
				047FDCD926F0872B00066BD6 /* Products */,
			);
			sourceTree = "<group>";
		};
		047FDCD926F0872B00066BD6 /* Products */ = {
			isa = PBXGroup;
			children = (
				047FDCD826F0872B00066BD6 /* Big Bite.app */,
			);
			name = Products;
			sourceTree = "<group>";
		};
		047FDCDA26F0872B00066BD6 /* Big Bite */ = {
			isa = PBXGroup;
			children = (
				047FDCF626F0A1D500066BD6 /* Extensions */,
				047FDCF126F09EFC00066BD6 /* CustomViews */,
				047FDCF026F09EEF00066BD6 /* Views */,
				047FDCEF26F09EE300066BD6 /* Model */,
				047FDCDB26F0872B00066BD6 /* AppDelegate.swift */,
				047FDCDD26F0872B00066BD6 /* SceneDelegate.swift */,
				047FDCE126F0872B00066BD6 /* Main.storyboard */,
				047FDCE426F0872D00066BD6 /* Assets.xcassets */,
				047FDCE626F0872D00066BD6 /* LaunchScreen.storyboard */,
				047FDCE926F0872D00066BD6 /* Info.plist */,
			);
			path = "Big Bite";
			sourceTree = "<group>";
		};
		047FDCEF26F09EE300066BD6 /* Model */ = {
			isa = PBXGroup;
			children = (
				047FDCF926F0A30900066BD6 /* OnboardingSlide.swift */,
			);
			path = Model;
			sourceTree = "<group>";
		};
		047FDCF026F09EEF00066BD6 /* Views */ = {
			isa = PBXGroup;
			children = (
				04EEF8F826F28714002BD50F /* Home */,
				047FDCF226F09F1700066BD6 /* Onboarding */,
			);
			path = Views;
			sourceTree = "<group>";
		};
		047FDCF126F09EFC00066BD6 /* CustomViews */ = {
			isa = PBXGroup;
			children = (
				04EEF8FB26F28776002BD50F /* CollectionViewCells */,
			);
			path = CustomViews;
			sourceTree = "<group>";
		};
		047FDCF226F09F1700066BD6 /* Onboarding */ = {
			isa = PBXGroup;
			children = (
				047FDCF426F09F3C00066BD6 /* OnboardingViewController.swift */,
				047FDCFB26F0A62B00066BD6 /* OnboardingCollectionViewCell.swift */,
			);
			path = Onboarding;
			sourceTree = "<group>";
		};
		047FDCF626F0A1D500066BD6 /* Extensions */ = {
			isa = PBXGroup;
			children = (
				047FDCF726F0A1FF00066BD6 /* UIView+Ext.swift */,
			);
			path = Extensions;
			sourceTree = "<group>";
		};
		04EEF8F826F28714002BD50F /* Home */ = {
			isa = PBXGroup;
			children = (
				04EEF8F926F2875B002BD50F /* HomeViewController.swift */,
			);
			path = Home;
			sourceTree = "<group>";
		};
		04EEF8FB26F28776002BD50F /* CollectionViewCells */ = {
			isa = PBXGroup;
			children = (
				04EEF8FC26F28790002BD50F /* CategoryViewCell */,
			);
			path = CollectionViewCells;
			sourceTree = "<group>";
		};
		04EEF8FC26F28790002BD50F /* CategoryViewCell */ = {
			isa = PBXGroup;
			children = (
			);
			path = CategoryViewCell;
			sourceTree = "<group>";
		};
/* End PBXGroup section */

/* Begin PBXNativeTarget section */
		047FDCD726F0872B00066BD6 /* Big Bite */ = {
			isa = PBXNativeTarget;
			buildConfigurationList = 047FDCEC26F0872D00066BD6 /* Build configuration list for PBXNativeTarget "Big Bite" */;
			buildPhases = (
				047FDCD426F0872B00066BD6 /* Sources */,
				047FDCD526F0872B00066BD6 /* Frameworks */,
				047FDCD626F0872B00066BD6 /* Resources */,
			);
			buildRules = (
			);
			dependencies = (
			);
			name = "Big Bite";
			productName = "Big Bite";
			productReference = 047FDCD826F0872B00066BD6 /* Big Bite.app */;
			productType = "com.apple.product-type.application";
		};
/* End PBXNativeTarget section */

/* Begin PBXProject section */
		047FDCD026F0872B00066BD6 /* Project object */ = {
			isa = PBXProject;
			attributes = {
				LastSwiftUpdateCheck = 1250;
				LastUpgradeCheck = 1250;
				TargetAttributes = {
					047FDCD726F0872B00066BD6 = {
						CreatedOnToolsVersion = 12.5.1;
					};
				};
			};
			buildConfigurationList = 047FDCD326F0872B00066BD6 /* Build configuration list for PBXProject "Big Bite" */;
			compatibilityVersion = "Xcode 9.3";
			developmentRegion = en;
			hasScannedForEncodings = 0;
			knownRegions = (
				en,
				Base,
			);
			mainGroup = 047FDCCF26F0872B00066BD6;
			productRefGroup = 047FDCD926F0872B00066BD6 /* Products */;
			projectDirPath = "";
			projectRoot = "";
			targets = (
				047FDCD726F0872B00066BD6 /* Big Bite */,
			);
		};
/* End PBXProject section */

/* Begin PBXResourcesBuildPhase section */
		047FDCD626F0872B00066BD6 /* Resources */ = {
			isa = PBXResourcesBuildPhase;
			buildActionMask = 2147483647;
			files = (
				047FDCE826F0872D00066BD6 /* LaunchScreen.storyboard in Resources */,
				047FDCE526F0872D00066BD6 /* Assets.xcassets in Resources */,
				047FDCE326F0872B00066BD6 /* Main.storyboard in Resources */,
			);
			runOnlyForDeploymentPostprocessing = 0;
		};
/* End PBXResourcesBuildPhase section */

/* Begin PBXSourcesBuildPhase section */
		047FDCD426F0872B00066BD6 /* Sources */ = {
			isa = PBXSourcesBuildPhase;
			buildActionMask = 2147483647;
			files = (
				047FDCFA26F0A30900066BD6 /* OnboardingSlide.swift in Sources */,
				047FDCF826F0A1FF00066BD6 /* UIView+Ext.swift in Sources */,
				047FDCDC26F0872B00066BD6 /* AppDelegate.swift in Sources */,
				047FDCDE26F0872B00066BD6 /* SceneDelegate.swift in Sources */,
				047FDCF526F09F3C00066BD6 /* OnboardingViewController.swift in Sources */,
				04EEF8FA26F2875B002BD50F /* HomeViewController.swift in Sources */,
				047FDCFC26F0A62B00066BD6 /* OnboardingCollectionViewCell.swift in Sources */,
			);
			runOnlyForDeploymentPostprocessing = 0;
		};
/* End PBXSourcesBuildPhase section */

/* Begin PBXVariantGroup section */
		047FDCE126F0872B00066BD6 /* Main.storyboard */ = {
			isa = PBXVariantGroup;
			children = (
				047FDCE226F0872B00066BD6 /* Base */,
			);
			name = Main.storyboard;
			sourceTree = "<group>";
		};
		047FDCE626F0872D00066BD6 /* LaunchScreen.storyboard */ = {
			isa = PBXVariantGroup;
			children = (
				047FDCE726F0872D00066BD6 /* Base */,
			);
			name = LaunchScreen.storyboard;
			sourceTree = "<group>";
		};
/* End PBXVariantGroup section */

/* Begin XCBuildConfiguration section */
		047FDCEA26F0872D00066BD6 /* Debug */ = {
			isa = XCBuildConfiguration;
			buildSettings = {
				ALWAYS_SEARCH_USER_PATHS = NO;
				CLANG_ANALYZER_NONNULL = YES;
				CLANG_ANALYZER_NUMBER_OBJECT_CONVERSION = YES_AGGRESSIVE;
				CLANG_CXX_LANGUAGE_STANDARD = "gnu++14";
				CLANG_CXX_LIBRARY = "libc++";
				CLANG_ENABLE_MODULES = YES;
				CLANG_ENABLE_OBJC_ARC = YES;
				CLANG_ENABLE_OBJC_WEAK = YES;
				CLANG_WARN_BLOCK_CAPTURE_AUTORELEASING = YES;
				CLANG_WARN_BOOL_CONVERSION = YES;
				CLANG_WARN_COMMA = YES;
				CLANG_WARN_CONSTANT_CONVERSION = YES;
				CLANG_WARN_DEPRECATED_OBJC_IMPLEMENTATIONS = YES;
				CLANG_WARN_DIRECT_OBJC_ISA_USAGE = YES_ERROR;
				CLANG_WARN_DOCUMENTATION_COMMENTS = YES;
				CLANG_WARN_EMPTY_BODY = YES;
				CLANG_WARN_ENUM_CONVERSION = YES;
				CLANG_WARN_INFINITE_RECURSION = YES;
				CLANG_WARN_INT_CONVERSION = YES;
				CLANG_WARN_NON_LITERAL_NULL_CONVERSION = YES;
				CLANG_WARN_OBJC_IMPLICIT_RETAIN_SELF = YES;
				CLANG_WARN_OBJC_LITERAL_CONVERSION = YES;
				CLANG_WARN_OBJC_ROOT_CLASS = YES_ERROR;
				CLANG_WARN_QUOTED_INCLUDE_IN_FRAMEWORK_HEADER = YES;
				CLANG_WARN_RANGE_LOOP_ANALYSIS = YES;
				CLANG_WARN_STRICT_PROTOTYPES = YES;
				CLANG_WARN_SUSPICIOUS_MOVE = YES;
				CLANG_WARN_UNGUARDED_AVAILABILITY = YES_AGGRESSIVE;
				CLANG_WARN_UNREACHABLE_CODE = YES;
				CLANG_WARN__DUPLICATE_METHOD_MATCH = YES;
				COPY_PHASE_STRIP = NO;
				DEBUG_INFORMATION_FORMAT = dwarf;
				ENABLE_STRICT_OBJC_MSGSEND = YES;
				ENABLE_TESTABILITY = YES;
				GCC_C_LANGUAGE_STANDARD = gnu11;
				GCC_DYNAMIC_NO_PIC = NO;
				GCC_NO_COMMON_BLOCKS = YES;
				GCC_OPTIMIZATION_LEVEL = 0;
				GCC_PREPROCESSOR_DEFINITIONS = (
					"DEBUG=1",
					"$(inherited)",
				);
				GCC_WARN_64_TO_32_BIT_CONVERSION = YES;
				GCC_WARN_ABOUT_RETURN_TYPE = YES_ERROR;
				GCC_WARN_UNDECLARED_SELECTOR = YES;
				GCC_WARN_UNINITIALIZED_AUTOS = YES_AGGRESSIVE;
				GCC_WARN_UNUSED_FUNCTION = YES;
				GCC_WARN_UNUSED_VARIABLE = YES;
				IPHONEOS_DEPLOYMENT_TARGET = 14.5;
				MTL_ENABLE_DEBUG_INFO = INCLUDE_SOURCE;
				MTL_FAST_MATH = YES;
				ONLY_ACTIVE_ARCH = YES;
				SDKROOT = iphoneos;
				SWIFT_ACTIVE_COMPILATION_CONDITIONS = DEBUG;
				SWIFT_OPTIMIZATION_LEVEL = "-Onone";
			};
			name = Debug;
		};
		047FDCEB26F0872D00066BD6 /* Release */ = {
			isa = XCBuildConfiguration;
			buildSettings = {
				ALWAYS_SEARCH_USER_PATHS = NO;
				CLANG_ANALYZER_NONNULL = YES;
				CLANG_ANALYZER_NUMBER_OBJECT_CONVERSION = YES_AGGRESSIVE;
				CLANG_CXX_LANGUAGE_STANDARD = "gnu++14";
				CLANG_CXX_LIBRARY = "libc++";
				CLANG_ENABLE_MODULES = YES;
				CLANG_ENABLE_OBJC_ARC = YES;
				CLANG_ENABLE_OBJC_WEAK = YES;
				CLANG_WARN_BLOCK_CAPTURE_AUTORELEASING = YES;
				CLANG_WARN_BOOL_CONVERSION = YES;
				CLANG_WARN_COMMA = YES;
				CLANG_WARN_CONSTANT_CONVERSION = YES;
				CLANG_WARN_DEPRECATED_OBJC_IMPLEMENTATIONS = YES;
				CLANG_WARN_DIRECT_OBJC_ISA_USAGE = YES_ERROR;
				CLANG_WARN_DOCUMENTATION_COMMENTS = YES;
				CLANG_WARN_EMPTY_BODY = YES;
				CLANG_WARN_ENUM_CONVERSION = YES;
				CLANG_WARN_INFINITE_RECURSION = YES;
				CLANG_WARN_INT_CONVERSION = YES;
				CLANG_WARN_NON_LITERAL_NULL_CONVERSION = YES;
				CLANG_WARN_OBJC_IMPLICIT_RETAIN_SELF = YES;
				CLANG_WARN_OBJC_LITERAL_CONVERSION = YES;
				CLANG_WARN_OBJC_ROOT_CLASS = YES_ERROR;
				CLANG_WARN_QUOTED_INCLUDE_IN_FRAMEWORK_HEADER = YES;
				CLANG_WARN_RANGE_LOOP_ANALYSIS = YES;
				CLANG_WARN_STRICT_PROTOTYPES = YES;
				CLANG_WARN_SUSPICIOUS_MOVE = YES;
				CLANG_WARN_UNGUARDED_AVAILABILITY = YES_AGGRESSIVE;
				CLANG_WARN_UNREACHABLE_CODE = YES;
				CLANG_WARN__DUPLICATE_METHOD_MATCH = YES;
				COPY_PHASE_STRIP = NO;
				DEBUG_INFORMATION_FORMAT = "dwarf-with-dsym";
				ENABLE_NS_ASSERTIONS = NO;
				ENABLE_STRICT_OBJC_MSGSEND = YES;
				GCC_C_LANGUAGE_STANDARD = gnu11;
				GCC_NO_COMMON_BLOCKS = YES;
				GCC_WARN_64_TO_32_BIT_CONVERSION = YES;
				GCC_WARN_ABOUT_RETURN_TYPE = YES_ERROR;
				GCC_WARN_UNDECLARED_SELECTOR = YES;
				GCC_WARN_UNINITIALIZED_AUTOS = YES_AGGRESSIVE;
				GCC_WARN_UNUSED_FUNCTION = YES;
				GCC_WARN_UNUSED_VARIABLE = YES;
				IPHONEOS_DEPLOYMENT_TARGET = 14.5;
				MTL_ENABLE_DEBUG_INFO = NO;
				MTL_FAST_MATH = YES;
				SDKROOT = iphoneos;
				SWIFT_COMPILATION_MODE = wholemodule;
				SWIFT_OPTIMIZATION_LEVEL = "-O";
				VALIDATE_PRODUCT = YES;
			};
			name = Release;
		};
		047FDCED26F0872D00066BD6 /* Debug */ = {
			isa = XCBuildConfiguration;
			buildSettings = {
				ASSETCATALOG_COMPILER_APPICON_NAME = AppIcon;
				ASSETCATALOG_COMPILER_GLOBAL_ACCENT_COLOR_NAME = AccentColor;
				CODE_SIGN_STYLE = Automatic;
				DEVELOPMENT_TEAM = 9WG2395BL6;
				INFOPLIST_FILE = "Big Bite/Info.plist";
				LD_RUNPATH_SEARCH_PATHS = (
					"$(inherited)",
					"@executable_path/Frameworks",
				);
				PRODUCT_BUNDLE_IDENTIFIER = "com.ansan.Big-Bite";
				PRODUCT_NAME = "$(TARGET_NAME)";
				SWIFT_VERSION = 5.0;
				TARGETED_DEVICE_FAMILY = "1,2";
			};
			name = Debug;
		};
		047FDCEE26F0872D00066BD6 /* Release */ = {
			isa = XCBuildConfiguration;
			buildSettings = {
				ASSETCATALOG_COMPILER_APPICON_NAME = AppIcon;
				ASSETCATALOG_COMPILER_GLOBAL_ACCENT_COLOR_NAME = AccentColor;
				CODE_SIGN_STYLE = Automatic;
				DEVELOPMENT_TEAM = 9WG2395BL6;
				INFOPLIST_FILE = "Big Bite/Info.plist";
				LD_RUNPATH_SEARCH_PATHS = (
					"$(inherited)",
					"@executable_path/Frameworks",
				);
				PRODUCT_BUNDLE_IDENTIFIER = "com.ansan.Big-Bite";
				PRODUCT_NAME = "$(TARGET_NAME)";
				SWIFT_VERSION = 5.0;
				TARGETED_DEVICE_FAMILY = "1,2";
			};
			name = Release;
		};
/* End XCBuildConfiguration section */

/* Begin XCConfigurationList section */
		047FDCD326F0872B00066BD6 /* Build configuration list for PBXProject "Big Bite" */ = {
			isa = XCConfigurationList;
			buildConfigurations = (
				047FDCEA26F0872D00066BD6 /* Debug */,
				047FDCEB26F0872D00066BD6 /* Release */,
			);
			defaultConfigurationIsVisible = 0;
			defaultConfigurationName = Release;
		};
		047FDCEC26F0872D00066BD6 /* Build configuration list for PBXNativeTarget "Big Bite" */ = {
			isa = XCConfigurationList;
			buildConfigurations = (
				047FDCED26F0872D00066BD6 /* Debug */,
				047FDCEE26F0872D00066BD6 /* Release */,
			);
			defaultConfigurationIsVisible = 0;
			defaultConfigurationName = Release;
		};
/* End XCConfigurationList section */
	};
	rootObject = 047FDCD026F0872B00066BD6 /* Project object */;
}
