// !$*UTF8*$!
{
	archiveVersion = 1;
	classes = {
	};
	objectVersion = 52;
	objects = {

/* Begin PBXBuildFile section */
		0415051826F7F8BF001AA01B /* IQKeyboardManagerSwift in Frameworks */ = {isa = PBXBuildFile; productRef = 0415051726F7F8BF001AA01B /* IQKeyboardManagerSwift */; };
		0415051D26F7FE88001AA01B /* DishListTableViewCell.swift in Sources */ = {isa = PBXBuildFile; fileRef = 0415051B26F7FE88001AA01B /* DishListTableViewCell.swift */; };
		0415051E26F7FE88001AA01B /* DishListTableViewCell.xib in Resources */ = {isa = PBXBuildFile; fileRef = 0415051C26F7FE88001AA01B /* DishListTableViewCell.xib */; };
		0415052126F804A4001AA01B /* ListDishesViewController.swift in Sources */ = {isa = PBXBuildFile; fileRef = 0415052026F804A4001AA01B /* ListDishesViewController.swift */; };
		047FDCDC26F0872B00066BD6 /* AppDelegate.swift in Sources */ = {isa = PBXBuildFile; fileRef = 047FDCDB26F0872B00066BD6 /* AppDelegate.swift */; };
		047FDCDE26F0872B00066BD6 /* SceneDelegate.swift in Sources */ = {isa = PBXBuildFile; fileRef = 047FDCDD26F0872B00066BD6 /* SceneDelegate.swift */; };
		047FDCE326F0872B00066BD6 /* Main.storyboard in Resources */ = {isa = PBXBuildFile; fileRef = 047FDCE126F0872B00066BD6 /* Main.storyboard */; };
		047FDCE526F0872D00066BD6 /* Assets.xcassets in Resources */ = {isa = PBXBuildFile; fileRef = 047FDCE426F0872D00066BD6 /* Assets.xcassets */; };
		047FDCE826F0872D00066BD6 /* LaunchScreen.storyboard in Resources */ = {isa = PBXBuildFile; fileRef = 047FDCE626F0872D00066BD6 /* LaunchScreen.storyboard */; };
		047FDCF526F09F3C00066BD6 /* OnboardingViewController.swift in Sources */ = {isa = PBXBuildFile; fileRef = 047FDCF426F09F3C00066BD6 /* OnboardingViewController.swift */; };
		047FDCF826F0A1FF00066BD6 /* UIView+Ext.swift in Sources */ = {isa = PBXBuildFile; fileRef = 047FDCF726F0A1FF00066BD6 /* UIView+Ext.swift */; };
		047FDCFA26F0A30900066BD6 /* OnboardingSlide.swift in Sources */ = {isa = PBXBuildFile; fileRef = 047FDCF926F0A30900066BD6 /* OnboardingSlide.swift */; };
		047FDCFC26F0A62B00066BD6 /* OnboardingCollectionViewCell.swift in Sources */ = {isa = PBXBuildFile; fileRef = 047FDCFB26F0A62B00066BD6 /* OnboardingCollectionViewCell.swift */; };
		04B8474E26F6316400ADEEAA /* BasketViewController.swift in Sources */ = {isa = PBXBuildFile; fileRef = 04B8474D26F6316400ADEEAA /* BasketViewController.swift */; };
		04B8475126F6318000ADEEAA /* AccountViewController.swift in Sources */ = {isa = PBXBuildFile; fileRef = 04B8475026F6318000ADEEAA /* AccountViewController.swift */; };
		04B8475626F648D700ADEEAA /* DishDetailViewController.swift in Sources */ = {isa = PBXBuildFile; fileRef = 04B8475526F648D700ADEEAA /* DishDetailViewController.swift */; };
		04B8475826F64FD100ADEEAA /* UIViewController+Extention.swift in Sources */ = {isa = PBXBuildFile; fileRef = 04B8475726F64FD100ADEEAA /* UIViewController+Extention.swift */; };
		04B8475C26F7DE0700ADEEAA /* BasketTableViewCell.swift in Sources */ = {isa = PBXBuildFile; fileRef = 04B8475A26F7DE0700ADEEAA /* BasketTableViewCell.swift */; };
		04B8475D26F7DE0700ADEEAA /* BasketTableViewCell.xib in Resources */ = {isa = PBXBuildFile; fileRef = 04B8475B26F7DE0700ADEEAA /* BasketTableViewCell.xib */; };
		04EEF8FA26F2875B002BD50F /* HomeViewController.swift in Sources */ = {isa = PBXBuildFile; fileRef = 04EEF8F926F2875B002BD50F /* HomeViewController.swift */; };
		04EEF90126F2960D002BD50F /* CategoryCollectionViewCell.swift in Sources */ = {isa = PBXBuildFile; fileRef = 04EEF8FF26F2960D002BD50F /* CategoryCollectionViewCell.swift */; };
		04EEF90226F2960D002BD50F /* CategoryCollectionViewCell.xib in Resources */ = {isa = PBXBuildFile; fileRef = 04EEF90026F2960D002BD50F /* CategoryCollectionViewCell.xib */; };
		04EEF90426F2B7B4002BD50F /* DishCategory.swift in Sources */ = {isa = PBXBuildFile; fileRef = 04EEF90326F2B7B4002BD50F /* DishCategory.swift */; };
		04EEF90626F2BB32002BD50F /* String+Extension.swift in Sources */ = {isa = PBXBuildFile; fileRef = 04EEF90526F2BB32002BD50F /* String+Extension.swift */; };
		04EEF90B26F3EBA8002BD50F /* CardView.swift in Sources */ = {isa = PBXBuildFile; fileRef = 04EEF90A26F3EBA8002BD50F /* CardView.swift */; };
		04EEF90F26F3F128002BD50F /* BigDishCollectionViewCell.swift in Sources */ = {isa = PBXBuildFile; fileRef = 04EEF90D26F3F128002BD50F /* BigDishCollectionViewCell.swift */; };
		04EEF91026F3F128002BD50F /* BigDishCollectionViewCell.xib in Resources */ = {isa = PBXBuildFile; fileRef = 04EEF90E26F3F128002BD50F /* BigDishCollectionViewCell.xib */; };
		04EEF91226F3F8DE002BD50F /* Dish.swift in Sources */ = {isa = PBXBuildFile; fileRef = 04EEF91126F3F8DE002BD50F /* Dish.swift */; };
		04EEF91526F40864002BD50F /* LuckiestGuy-Regular.ttf in Resources */ = {isa = PBXBuildFile; fileRef = 04EEF91426F40864002BD50F /* LuckiestGuy-Regular.ttf */; };
		04EEF91926F40F01002BD50F /* GlutenFreeCollectionViewCell.swift in Sources */ = {isa = PBXBuildFile; fileRef = 04EEF91726F40F01002BD50F /* GlutenFreeCollectionViewCell.swift */; };
		04EEF91A26F40F01002BD50F /* GlutenFreeCollectionViewCell.xib in Resources */ = {isa = PBXBuildFile; fileRef = 04EEF91826F40F01002BD50F /* GlutenFreeCollectionViewCell.xib */; };
		37C15012E1AB95B30859F895 /* Pods_Big_Bite.framework in Frameworks */ = {isa = PBXBuildFile; fileRef = B20C8E7E1C0F490F2F2819F0 /* Pods_Big_Bite.framework */; };
/* End PBXBuildFile section */

/* Begin PBXFileReference section */
		0415051B26F7FE88001AA01B /* DishListTableViewCell.swift */ = {isa = PBXFileReference; lastKnownFileType = sourcecode.swift; path = DishListTableViewCell.swift; sourceTree = "<group>"; };
		0415051C26F7FE88001AA01B /* DishListTableViewCell.xib */ = {isa = PBXFileReference; lastKnownFileType = file.xib; path = DishListTableViewCell.xib; sourceTree = "<group>"; };
		0415052026F804A4001AA01B /* ListDishesViewController.swift */ = {isa = PBXFileReference; lastKnownFileType = sourcecode.swift; path = ListDishesViewController.swift; sourceTree = "<group>"; };
		047FDCD826F0872B00066BD6 /* Big Bite.app */ = {isa = PBXFileReference; explicitFileType = wrapper.application; includeInIndex = 0; path = "Big Bite.app"; sourceTree = BUILT_PRODUCTS_DIR; };
		047FDCDB26F0872B00066BD6 /* AppDelegate.swift */ = {isa = PBXFileReference; lastKnownFileType = sourcecode.swift; path = AppDelegate.swift; sourceTree = "<group>"; };
		047FDCDD26F0872B00066BD6 /* SceneDelegate.swift */ = {isa = PBXFileReference; lastKnownFileType = sourcecode.swift; path = SceneDelegate.swift; sourceTree = "<group>"; };
		047FDCE226F0872B00066BD6 /* Base */ = {isa = PBXFileReference; lastKnownFileType = file.storyboard; name = Base; path = Base.lproj/Main.storyboard; sourceTree = "<group>"; };
		047FDCE426F0872D00066BD6 /* Assets.xcassets */ = {isa = PBXFileReference; lastKnownFileType = folder.assetcatalog; path = Assets.xcassets; sourceTree = "<group>"; };
		047FDCE726F0872D00066BD6 /* Base */ = {isa = PBXFileReference; lastKnownFileType = file.storyboard; name = Base; path = Base.lproj/LaunchScreen.storyboard; sourceTree = "<group>"; };
		047FDCE926F0872D00066BD6 /* Info.plist */ = {isa = PBXFileReference; lastKnownFileType = text.plist.xml; path = Info.plist; sourceTree = "<group>"; };
		047FDCF426F09F3C00066BD6 /* OnboardingViewController.swift */ = {isa = PBXFileReference; lastKnownFileType = sourcecode.swift; path = OnboardingViewController.swift; sourceTree = "<group>"; };
		047FDCF726F0A1FF00066BD6 /* UIView+Ext.swift */ = {isa = PBXFileReference; lastKnownFileType = sourcecode.swift; path = "UIView+Ext.swift"; sourceTree = "<group>"; };
		047FDCF926F0A30900066BD6 /* OnboardingSlide.swift */ = {isa = PBXFileReference; lastKnownFileType = sourcecode.swift; path = OnboardingSlide.swift; sourceTree = "<group>"; };
		047FDCFB26F0A62B00066BD6 /* OnboardingCollectionViewCell.swift */ = {isa = PBXFileReference; lastKnownFileType = sourcecode.swift; path = OnboardingCollectionViewCell.swift; sourceTree = "<group>"; };
		04B8474D26F6316400ADEEAA /* BasketViewController.swift */ = {isa = PBXFileReference; lastKnownFileType = sourcecode.swift; path = BasketViewController.swift; sourceTree = "<group>"; };
		04B8475026F6318000ADEEAA /* AccountViewController.swift */ = {isa = PBXFileReference; lastKnownFileType = sourcecode.swift; path = AccountViewController.swift; sourceTree = "<group>"; };
		04B8475526F648D700ADEEAA /* DishDetailViewController.swift */ = {isa = PBXFileReference; lastKnownFileType = sourcecode.swift; path = DishDetailViewController.swift; sourceTree = "<group>"; };
		04B8475726F64FD100ADEEAA /* UIViewController+Extention.swift */ = {isa = PBXFileReference; lastKnownFileType = sourcecode.swift; path = "UIViewController+Extention.swift"; sourceTree = "<group>"; };
		04B8475A26F7DE0700ADEEAA /* BasketTableViewCell.swift */ = {isa = PBXFileReference; lastKnownFileType = sourcecode.swift; path = BasketTableViewCell.swift; sourceTree = "<group>"; };
		04B8475B26F7DE0700ADEEAA /* BasketTableViewCell.xib */ = {isa = PBXFileReference; lastKnownFileType = file.xib; path = BasketTableViewCell.xib; sourceTree = "<group>"; };
		04EEF8F926F2875B002BD50F /* HomeViewController.swift */ = {isa = PBXFileReference; lastKnownFileType = sourcecode.swift; path = HomeViewController.swift; sourceTree = "<group>"; };
		04EEF8FF26F2960D002BD50F /* CategoryCollectionViewCell.swift */ = {isa = PBXFileReference; lastKnownFileType = sourcecode.swift; path = CategoryCollectionViewCell.swift; sourceTree = "<group>"; };
		04EEF90026F2960D002BD50F /* CategoryCollectionViewCell.xib */ = {isa = PBXFileReference; lastKnownFileType = file.xib; path = CategoryCollectionViewCell.xib; sourceTree = "<group>"; };
		04EEF90326F2B7B4002BD50F /* DishCategory.swift */ = {isa = PBXFileReference; lastKnownFileType = sourcecode.swift; path = DishCategory.swift; sourceTree = "<group>"; };
		04EEF90526F2BB32002BD50F /* String+Extension.swift */ = {isa = PBXFileReference; lastKnownFileType = sourcecode.swift; path = "String+Extension.swift"; sourceTree = "<group>"; };
		04EEF90A26F3EBA8002BD50F /* CardView.swift */ = {isa = PBXFileReference; lastKnownFileType = sourcecode.swift; path = CardView.swift; sourceTree = "<group>"; };
		04EEF90D26F3F128002BD50F /* BigDishCollectionViewCell.swift */ = {isa = PBXFileReference; lastKnownFileType = sourcecode.swift; path = BigDishCollectionViewCell.swift; sourceTree = "<group>"; };
		04EEF90E26F3F128002BD50F /* BigDishCollectionViewCell.xib */ = {isa = PBXFileReference; lastKnownFileType = file.xib; path = BigDishCollectionViewCell.xib; sourceTree = "<group>"; };
		04EEF91126F3F8DE002BD50F /* Dish.swift */ = {isa = PBXFileReference; lastKnownFileType = sourcecode.swift; path = Dish.swift; sourceTree = "<group>"; };
		04EEF91426F40864002BD50F /* LuckiestGuy-Regular.ttf */ = {isa = PBXFileReference; lastKnownFileType = file; path = "LuckiestGuy-Regular.ttf"; sourceTree = "<group>"; };
		04EEF91726F40F01002BD50F /* GlutenFreeCollectionViewCell.swift */ = {isa = PBXFileReference; lastKnownFileType = sourcecode.swift; path = GlutenFreeCollectionViewCell.swift; sourceTree = "<group>"; };
		04EEF91826F40F01002BD50F /* GlutenFreeCollectionViewCell.xib */ = {isa = PBXFileReference; lastKnownFileType = file.xib; path = GlutenFreeCollectionViewCell.xib; sourceTree = "<group>"; };
		3A7324D65698DC4FFAEC70B8 /* Pods-Big Bite.release.xcconfig */ = {isa = PBXFileReference; includeInIndex = 1; lastKnownFileType = text.xcconfig; name = "Pods-Big Bite.release.xcconfig"; path = "Target Support Files/Pods-Big Bite/Pods-Big Bite.release.xcconfig"; sourceTree = "<group>"; };
		B20C8E7E1C0F490F2F2819F0 /* Pods_Big_Bite.framework */ = {isa = PBXFileReference; explicitFileType = wrapper.framework; includeInIndex = 0; path = Pods_Big_Bite.framework; sourceTree = BUILT_PRODUCTS_DIR; };
		D01935E85FA96E2F9C6F327E /* Pods-Big Bite.debug.xcconfig */ = {isa = PBXFileReference; includeInIndex = 1; lastKnownFileType = text.xcconfig; name = "Pods-Big Bite.debug.xcconfig"; path = "Target Support Files/Pods-Big Bite/Pods-Big Bite.debug.xcconfig"; sourceTree = "<group>"; };
/* End PBXFileReference section */

/* Begin PBXFrameworksBuildPhase section */
		047FDCD526F0872B00066BD6 /* Frameworks */ = {
			isa = PBXFrameworksBuildPhase;
			buildActionMask = 2147483647;
			files = (
				37C15012E1AB95B30859F895 /* Pods_Big_Bite.framework in Frameworks */,
				0415051826F7F8BF001AA01B /* IQKeyboardManagerSwift in Frameworks */,
			);
			runOnlyForDeploymentPostprocessing = 0;
		};
/* End PBXFrameworksBuildPhase section */

/* Begin PBXGroup section */
		0415051926F7FE52001AA01B /* DIshListTableViewCell */ = {
			isa = PBXGroup;
			children = (
				0415051B26F7FE88001AA01B /* DishListTableViewCell.swift */,
				0415051C26F7FE88001AA01B /* DishListTableViewCell.xib */,
			);
			path = DIshListTableViewCell;
			sourceTree = "<group>";
		};
		0415051A26F7FE5F001AA01B /* BasketTableViewCell */ = {
			isa = PBXGroup;
			children = (
				04B8475A26F7DE0700ADEEAA /* BasketTableViewCell.swift */,
				04B8475B26F7DE0700ADEEAA /* BasketTableViewCell.xib */,
			);
			path = BasketTableViewCell;
			sourceTree = "<group>";
		};
		0415051F26F8047F001AA01B /* ListDishes */ = {
			isa = PBXGroup;
			children = (
				0415052026F804A4001AA01B /* ListDishesViewController.swift */,
			);
			path = ListDishes;
			sourceTree = "<group>";
		};
		047FDCCF26F0872B00066BD6 = {
			isa = PBXGroup;
			children = (
				047FDCDA26F0872B00066BD6 /* Big Bite */,
				047FDCD926F0872B00066BD6 /* Products */,
				AD63DE03E0152B7600DAF7F2 /* Pods */,
				FE2935402F84A846C4E45443 /* Frameworks */,
			);
			sourceTree = "<group>";
		};
		047FDCD926F0872B00066BD6 /* Products */ = {
			isa = PBXGroup;
			children = (
				047FDCD826F0872B00066BD6 /* Big Bite.app */,
			);
			name = Products;
			sourceTree = "<group>";
		};
		047FDCDA26F0872B00066BD6 /* Big Bite */ = {
			isa = PBXGroup;
			children = (
				047FDCF626F0A1D500066BD6 /* Extensions */,
				047FDCF126F09EFC00066BD6 /* CustomViews */,
				047FDCF026F09EEF00066BD6 /* Views */,
				047FDCEF26F09EE300066BD6 /* Model */,
				047FDCDB26F0872B00066BD6 /* AppDelegate.swift */,
				047FDCDD26F0872B00066BD6 /* SceneDelegate.swift */,
				047FDCE126F0872B00066BD6 /* Main.storyboard */,
				04EEF91326F4084C002BD50F /* Fonts */,
				047FDCE426F0872D00066BD6 /* Assets.xcassets */,
				047FDCE626F0872D00066BD6 /* LaunchScreen.storyboard */,
				047FDCE926F0872D00066BD6 /* Info.plist */,
			);
			path = "Big Bite";
			sourceTree = "<group>";
		};
		047FDCEF26F09EE300066BD6 /* Model */ = {
			isa = PBXGroup;
			children = (
				047FDCF926F0A30900066BD6 /* OnboardingSlide.swift */,
				04EEF90326F2B7B4002BD50F /* DishCategory.swift */,
				04EEF91126F3F8DE002BD50F /* Dish.swift */,
			);
			path = Model;
			sourceTree = "<group>";
		};
		047FDCF026F09EEF00066BD6 /* Views */ = {
			isa = PBXGroup;
			children = (
				0415051F26F8047F001AA01B /* ListDishes */,
				04B8475426F648AD00ADEEAA /* DishDetail */,
				04B8474C26F6313B00ADEEAA /* Account */,
				04B8474B26F6312F00ADEEAA /* Basket */,
				04EEF8F826F28714002BD50F /* Home */,
				047FDCF226F09F1700066BD6 /* Onboarding */,
			);
			path = Views;
			sourceTree = "<group>";
		};
		047FDCF126F09EFC00066BD6 /* CustomViews */ = {
			isa = PBXGroup;
			children = (
				04B8475926F7DDC200ADEEAA /* TableViewCells */,
				04EEF90926F3EB93002BD50F /* CardView */,
				04EEF8FB26F28776002BD50F /* CollectionViewCells */,
			);
			path = CustomViews;
			sourceTree = "<group>";
		};
		047FDCF226F09F1700066BD6 /* Onboarding */ = {
			isa = PBXGroup;
			children = (
				047FDCF426F09F3C00066BD6 /* OnboardingViewController.swift */,
				047FDCFB26F0A62B00066BD6 /* OnboardingCollectionViewCell.swift */,
			);
			path = Onboarding;
			sourceTree = "<group>";
		};
		047FDCF626F0A1D500066BD6 /* Extensions */ = {
			isa = PBXGroup;
			children = (
				047FDCF726F0A1FF00066BD6 /* UIView+Ext.swift */,
				04EEF90526F2BB32002BD50F /* String+Extension.swift */,
				04B8475726F64FD100ADEEAA /* UIViewController+Extention.swift */,
			);
			path = Extensions;
			sourceTree = "<group>";
		};
		04B8474B26F6312F00ADEEAA /* Basket */ = {
			isa = PBXGroup;
			children = (
				04B8474D26F6316400ADEEAA /* BasketViewController.swift */,
			);
			path = Basket;
			sourceTree = "<group>";
		};
		04B8474C26F6313B00ADEEAA /* Account */ = {
			isa = PBXGroup;
			children = (
				04B8475026F6318000ADEEAA /* AccountViewController.swift */,
			);
			path = Account;
			sourceTree = "<group>";
		};
		04B8475426F648AD00ADEEAA /* DishDetail */ = {
			isa = PBXGroup;
			children = (
				04B8475526F648D700ADEEAA /* DishDetailViewController.swift */,
			);
			path = DishDetail;
			sourceTree = "<group>";
		};
		04B8475926F7DDC200ADEEAA /* TableViewCells */ = {
			isa = PBXGroup;
			children = (
				0415051A26F7FE5F001AA01B /* BasketTableViewCell */,
				0415051926F7FE52001AA01B /* DIshListTableViewCell */,
			);
			path = TableViewCells;
			sourceTree = "<group>";
		};
		04EEF8F826F28714002BD50F /* Home */ = {
			isa = PBXGroup;
			children = (
				04EEF8F926F2875B002BD50F /* HomeViewController.swift */,
			);
			path = Home;
			sourceTree = "<group>";
		};
		04EEF8FB26F28776002BD50F /* CollectionViewCells */ = {
			isa = PBXGroup;
			children = (
				04EEF91626F40EDE002BD50F /* GlutenFreeCollectionViewCell */,
				04EEF90C26F3F0F0002BD50F /* BigDishCollectionViewCell */,
				04EEF90826F2D9E0002BD50F /* CategoryCollectionViewCell */,
			);
			path = CollectionViewCells;
			sourceTree = "<group>";
		};
		04EEF90826F2D9E0002BD50F /* CategoryCollectionViewCell */ = {
			isa = PBXGroup;
			children = (
				04EEF8FF26F2960D002BD50F /* CategoryCollectionViewCell.swift */,
				04EEF90026F2960D002BD50F /* CategoryCollectionViewCell.xib */,
			);
			path = CategoryCollectionViewCell;
			sourceTree = "<group>";
		};
		04EEF90926F3EB93002BD50F /* CardView */ = {
			isa = PBXGroup;
			children = (
				04EEF90A26F3EBA8002BD50F /* CardView.swift */,
			);
			path = CardView;
			sourceTree = "<group>";
		};
		04EEF90C26F3F0F0002BD50F /* BigDishCollectionViewCell */ = {
			isa = PBXGroup;
			children = (
				04EEF90D26F3F128002BD50F /* BigDishCollectionViewCell.swift */,
				04EEF90E26F3F128002BD50F /* BigDishCollectionViewCell.xib */,
			);
			path = BigDishCollectionViewCell;
			sourceTree = "<group>";
		};
		04EEF91326F4084C002BD50F /* Fonts */ = {
			isa = PBXGroup;
			children = (
				04EEF91426F40864002BD50F /* LuckiestGuy-Regular.ttf */,
			);
			path = Fonts;
			sourceTree = "<group>";
		};
		04EEF91626F40EDE002BD50F /* GlutenFreeCollectionViewCell */ = {
			isa = PBXGroup;
			children = (
				04EEF91726F40F01002BD50F /* GlutenFreeCollectionViewCell.swift */,
				04EEF91826F40F01002BD50F /* GlutenFreeCollectionViewCell.xib */,
			);
			path = GlutenFreeCollectionViewCell;
			sourceTree = "<group>";
		};
		AD63DE03E0152B7600DAF7F2 /* Pods */ = {
			isa = PBXGroup;
			children = (
				D01935E85FA96E2F9C6F327E /* Pods-Big Bite.debug.xcconfig */,
				3A7324D65698DC4FFAEC70B8 /* Pods-Big Bite.release.xcconfig */,
			);
			path = Pods;
			sourceTree = "<group>";
		};
		FE2935402F84A846C4E45443 /* Frameworks */ = {
			isa = PBXGroup;
			children = (
				B20C8E7E1C0F490F2F2819F0 /* Pods_Big_Bite.framework */,
			);
			name = Frameworks;
			sourceTree = "<group>";
		};
/* End PBXGroup section */

/* Begin PBXNativeTarget section */
		047FDCD726F0872B00066BD6 /* Big Bite */ = {
			isa = PBXNativeTarget;
			buildConfigurationList = 047FDCEC26F0872D00066BD6 /* Build configuration list for PBXNativeTarget "Big Bite" */;
			buildPhases = (
				2C1DD9F75DC7EC9FF819355A /* [CP] Check Pods Manifest.lock */,
				047FDCD426F0872B00066BD6 /* Sources */,
				047FDCD526F0872B00066BD6 /* Frameworks */,
				047FDCD626F0872B00066BD6 /* Resources */,
				3EB6A96440206DFE92BE49A6 /* [CP] Embed Pods Frameworks */,
			);
			buildRules = (
			);
			dependencies = (
			);
			name = "Big Bite";
			packageProductDependencies = (
				0415051726F7F8BF001AA01B /* IQKeyboardManagerSwift */,
			);
			productName = "Big Bite";
			productReference = 047FDCD826F0872B00066BD6 /* Big Bite.app */;
			productType = "com.apple.product-type.application";
		};
/* End PBXNativeTarget section */

/* Begin PBXProject section */
		047FDCD026F0872B00066BD6 /* Project object */ = {
			isa = PBXProject;
			attributes = {
				LastSwiftUpdateCheck = 1250;
				LastUpgradeCheck = 1250;
				TargetAttributes = {
					047FDCD726F0872B00066BD6 = {
						CreatedOnToolsVersion = 12.5.1;
					};
				};
			};
			buildConfigurationList = 047FDCD326F0872B00066BD6 /* Build configuration list for PBXProject "Big Bite" */;
			compatibilityVersion = "Xcode 9.3";
			developmentRegion = en;
			hasScannedForEncodings = 0;
			knownRegions = (
				en,
				Base,
			);
			mainGroup = 047FDCCF26F0872B00066BD6;
			packageReferences = (
				0415051626F7F8BF001AA01B /* XCRemoteSwiftPackageReference "IQKeyboardManager" */,
			);
			productRefGroup = 047FDCD926F0872B00066BD6 /* Products */;
			projectDirPath = "";
			projectRoot = "";
			targets = (
				047FDCD726F0872B00066BD6 /* Big Bite */,
			);
		};
/* End PBXProject section */

/* Begin PBXResourcesBuildPhase section */
		047FDCD626F0872B00066BD6 /* Resources */ = {
			isa = PBXResourcesBuildPhase;
			buildActionMask = 2147483647;
			files = (
				04EEF90226F2960D002BD50F /* CategoryCollectionViewCell.xib in Resources */,
				047FDCE826F0872D00066BD6 /* LaunchScreen.storyboard in Resources */,
				0415051E26F7FE88001AA01B /* DishListTableViewCell.xib in Resources */,
				04EEF91A26F40F01002BD50F /* GlutenFreeCollectionViewCell.xib in Resources */,
				047FDCE526F0872D00066BD6 /* Assets.xcassets in Resources */,
				04EEF91026F3F128002BD50F /* BigDishCollectionViewCell.xib in Resources */,
				04B8475D26F7DE0700ADEEAA /* BasketTableViewCell.xib in Resources */,
				047FDCE326F0872B00066BD6 /* Main.storyboard in Resources */,
				04EEF91526F40864002BD50F /* LuckiestGuy-Regular.ttf in Resources */,
			);
			runOnlyForDeploymentPostprocessing = 0;
		};
/* End PBXResourcesBuildPhase section */

/* Begin PBXShellScriptBuildPhase section */
		2C1DD9F75DC7EC9FF819355A /* [CP] Check Pods Manifest.lock */ = {
			isa = PBXShellScriptBuildPhase;
			buildActionMask = 2147483647;
			files = (
			);
			inputFileListPaths = (
			);
			inputPaths = (
				"${PODS_PODFILE_DIR_PATH}/Podfile.lock",
				"${PODS_ROOT}/Manifest.lock",
			);
			name = "[CP] Check Pods Manifest.lock";
			outputFileListPaths = (
			);
			outputPaths = (
				"$(DERIVED_FILE_DIR)/Pods-Big Bite-checkManifestLockResult.txt",
			);
			runOnlyForDeploymentPostprocessing = 0;
			shellPath = /bin/sh;
			shellScript = "diff \"${PODS_PODFILE_DIR_PATH}/Podfile.lock\" \"${PODS_ROOT}/Manifest.lock\" > /dev/null\nif [ $? != 0 ] ; then\n    # print error to STDERR\n    echo \"error: The sandbox is not in sync with the Podfile.lock. Run 'pod install' or update your CocoaPods installation.\" >&2\n    exit 1\nfi\n# This output is used by Xcode 'outputs' to avoid re-running this script phase.\necho \"SUCCESS\" > \"${SCRIPT_OUTPUT_FILE_0}\"\n";
			showEnvVarsInLog = 0;
		};
		3EB6A96440206DFE92BE49A6 /* [CP] Embed Pods Frameworks */ = {
			isa = PBXShellScriptBuildPhase;
			buildActionMask = 2147483647;
			files = (
			);
			inputFileListPaths = (
				"${PODS_ROOT}/Target Support Files/Pods-Big Bite/Pods-Big Bite-frameworks-${CONFIGURATION}-input-files.xcfilelist",
			);
			name = "[CP] Embed Pods Frameworks";
			outputFileListPaths = (
				"${PODS_ROOT}/Target Support Files/Pods-Big Bite/Pods-Big Bite-frameworks-${CONFIGURATION}-output-files.xcfilelist",
			);
			runOnlyForDeploymentPostprocessing = 0;
			shellPath = /bin/sh;
			shellScript = "\"${PODS_ROOT}/Target Support Files/Pods-Big Bite/Pods-Big Bite-frameworks.sh\"\n";
			showEnvVarsInLog = 0;
		};
/* End PBXShellScriptBuildPhase section */

/* Begin PBXSourcesBuildPhase section */
		047FDCD426F0872B00066BD6 /* Sources */ = {
			isa = PBXSourcesBuildPhase;
			buildActionMask = 2147483647;
			files = (
				04B8475826F64FD100ADEEAA /* UIViewController+Extention.swift in Sources */,
				0415051D26F7FE88001AA01B /* DishListTableViewCell.swift in Sources */,
				04B8474E26F6316400ADEEAA /* BasketViewController.swift in Sources */,
				04EEF90126F2960D002BD50F /* CategoryCollectionViewCell.swift in Sources */,
				04B8475126F6318000ADEEAA /* AccountViewController.swift in Sources */,
				047FDCFA26F0A30900066BD6 /* OnboardingSlide.swift in Sources */,
				047FDCF826F0A1FF00066BD6 /* UIView+Ext.swift in Sources */,
				04EEF90F26F3F128002BD50F /* BigDishCollectionViewCell.swift in Sources */,
				047FDCDC26F0872B00066BD6 /* AppDelegate.swift in Sources */,
				04B8475C26F7DE0700ADEEAA /* BasketTableViewCell.swift in Sources */,
				047FDCDE26F0872B00066BD6 /* SceneDelegate.swift in Sources */,
				04B8475626F648D700ADEEAA /* DishDetailViewController.swift in Sources */,
				047FDCF526F09F3C00066BD6 /* OnboardingViewController.swift in Sources */,
				04EEF8FA26F2875B002BD50F /* HomeViewController.swift in Sources */,
				0415052126F804A4001AA01B /* ListDishesViewController.swift in Sources */,
				04EEF90426F2B7B4002BD50F /* DishCategory.swift in Sources */,
				04EEF90626F2BB32002BD50F /* String+Extension.swift in Sources */,
				04EEF90B26F3EBA8002BD50F /* CardView.swift in Sources */,
				04EEF91226F3F8DE002BD50F /* Dish.swift in Sources */,
				047FDCFC26F0A62B00066BD6 /* OnboardingCollectionViewCell.swift in Sources */,
				04EEF91926F40F01002BD50F /* GlutenFreeCollectionViewCell.swift in Sources */,
			);
			runOnlyForDeploymentPostprocessing = 0;
		};
/* End PBXSourcesBuildPhase section */

/* Begin PBXVariantGroup section */
		047FDCE126F0872B00066BD6 /* Main.storyboard */ = {
			isa = PBXVariantGroup;
			children = (
				047FDCE226F0872B00066BD6 /* Base */,
			);
			name = Main.storyboard;
			sourceTree = "<group>";
		};
		047FDCE626F0872D00066BD6 /* LaunchScreen.storyboard */ = {
			isa = PBXVariantGroup;
			children = (
				047FDCE726F0872D00066BD6 /* Base */,
			);
			name = LaunchScreen.storyboard;
			sourceTree = "<group>";
		};
/* End PBXVariantGroup section */

/* Begin XCBuildConfiguration section */
		047FDCEA26F0872D00066BD6 /* Debug */ = {
			isa = XCBuildConfiguration;
			buildSettings = {
				ALWAYS_SEARCH_USER_PATHS = NO;
				CLANG_ANALYZER_NONNULL = YES;
				CLANG_ANALYZER_NUMBER_OBJECT_CONVERSION = YES_AGGRESSIVE;
				CLANG_CXX_LANGUAGE_STANDARD = "gnu++14";
				CLANG_CXX_LIBRARY = "libc++";
				CLANG_ENABLE_MODULES = YES;
				CLANG_ENABLE_OBJC_ARC = YES;
				CLANG_ENABLE_OBJC_WEAK = YES;
				CLANG_WARN_BLOCK_CAPTURE_AUTORELEASING = YES;
				CLANG_WARN_BOOL_CONVERSION = YES;
				CLANG_WARN_COMMA = YES;
				CLANG_WARN_CONSTANT_CONVERSION = YES;
				CLANG_WARN_DEPRECATED_OBJC_IMPLEMENTATIONS = YES;
				CLANG_WARN_DIRECT_OBJC_ISA_USAGE = YES_ERROR;
				CLANG_WARN_DOCUMENTATION_COMMENTS = YES;
				CLANG_WARN_EMPTY_BODY = YES;
				CLANG_WARN_ENUM_CONVERSION = YES;
				CLANG_WARN_INFINITE_RECURSION = YES;
				CLANG_WARN_INT_CONVERSION = YES;
				CLANG_WARN_NON_LITERAL_NULL_CONVERSION = YES;
				CLANG_WARN_OBJC_IMPLICIT_RETAIN_SELF = YES;
				CLANG_WARN_OBJC_LITERAL_CONVERSION = YES;
				CLANG_WARN_OBJC_ROOT_CLASS = YES_ERROR;
				CLANG_WARN_QUOTED_INCLUDE_IN_FRAMEWORK_HEADER = YES;
				CLANG_WARN_RANGE_LOOP_ANALYSIS = YES;
				CLANG_WARN_STRICT_PROTOTYPES = YES;
				CLANG_WARN_SUSPICIOUS_MOVE = YES;
				CLANG_WARN_UNGUARDED_AVAILABILITY = YES_AGGRESSIVE;
				CLANG_WARN_UNREACHABLE_CODE = YES;
				CLANG_WARN__DUPLICATE_METHOD_MATCH = YES;
				COPY_PHASE_STRIP = NO;
				DEBUG_INFORMATION_FORMAT = dwarf;
				ENABLE_STRICT_OBJC_MSGSEND = YES;
				ENABLE_TESTABILITY = YES;
				GCC_C_LANGUAGE_STANDARD = gnu11;
				GCC_DYNAMIC_NO_PIC = NO;
				GCC_NO_COMMON_BLOCKS = YES;
				GCC_OPTIMIZATION_LEVEL = 0;
				GCC_PREPROCESSOR_DEFINITIONS = (
					"DEBUG=1",
					"$(inherited)",
				);
				GCC_WARN_64_TO_32_BIT_CONVERSION = YES;
				GCC_WARN_ABOUT_RETURN_TYPE = YES_ERROR;
				GCC_WARN_UNDECLARED_SELECTOR = YES;
				GCC_WARN_UNINITIALIZED_AUTOS = YES_AGGRESSIVE;
				GCC_WARN_UNUSED_FUNCTION = YES;
				GCC_WARN_UNUSED_VARIABLE = YES;
				IPHONEOS_DEPLOYMENT_TARGET = 14.5;
				MTL_ENABLE_DEBUG_INFO = INCLUDE_SOURCE;
				MTL_FAST_MATH = YES;
				ONLY_ACTIVE_ARCH = YES;
				SDKROOT = iphoneos;
				SWIFT_ACTIVE_COMPILATION_CONDITIONS = DEBUG;
				SWIFT_OPTIMIZATION_LEVEL = "-Onone";
			};
			name = Debug;
		};
		047FDCEB26F0872D00066BD6 /* Release */ = {
			isa = XCBuildConfiguration;
			buildSettings = {
				ALWAYS_SEARCH_USER_PATHS = NO;
				CLANG_ANALYZER_NONNULL = YES;
				CLANG_ANALYZER_NUMBER_OBJECT_CONVERSION = YES_AGGRESSIVE;
				CLANG_CXX_LANGUAGE_STANDARD = "gnu++14";
				CLANG_CXX_LIBRARY = "libc++";
				CLANG_ENABLE_MODULES = YES;
				CLANG_ENABLE_OBJC_ARC = YES;
				CLANG_ENABLE_OBJC_WEAK = YES;
				CLANG_WARN_BLOCK_CAPTURE_AUTORELEASING = YES;
				CLANG_WARN_BOOL_CONVERSION = YES;
				CLANG_WARN_COMMA = YES;
				CLANG_WARN_CONSTANT_CONVERSION = YES;
				CLANG_WARN_DEPRECATED_OBJC_IMPLEMENTATIONS = YES;
				CLANG_WARN_DIRECT_OBJC_ISA_USAGE = YES_ERROR;
				CLANG_WARN_DOCUMENTATION_COMMENTS = YES;
				CLANG_WARN_EMPTY_BODY = YES;
				CLANG_WARN_ENUM_CONVERSION = YES;
				CLANG_WARN_INFINITE_RECURSION = YES;
				CLANG_WARN_INT_CONVERSION = YES;
				CLANG_WARN_NON_LITERAL_NULL_CONVERSION = YES;
				CLANG_WARN_OBJC_IMPLICIT_RETAIN_SELF = YES;
				CLANG_WARN_OBJC_LITERAL_CONVERSION = YES;
				CLANG_WARN_OBJC_ROOT_CLASS = YES_ERROR;
				CLANG_WARN_QUOTED_INCLUDE_IN_FRAMEWORK_HEADER = YES;
				CLANG_WARN_RANGE_LOOP_ANALYSIS = YES;
				CLANG_WARN_STRICT_PROTOTYPES = YES;
				CLANG_WARN_SUSPICIOUS_MOVE = YES;
				CLANG_WARN_UNGUARDED_AVAILABILITY = YES_AGGRESSIVE;
				CLANG_WARN_UNREACHABLE_CODE = YES;
				CLANG_WARN__DUPLICATE_METHOD_MATCH = YES;
				COPY_PHASE_STRIP = NO;
				DEBUG_INFORMATION_FORMAT = "dwarf-with-dsym";
				ENABLE_NS_ASSERTIONS = NO;
				ENABLE_STRICT_OBJC_MSGSEND = YES;
				GCC_C_LANGUAGE_STANDARD = gnu11;
				GCC_NO_COMMON_BLOCKS = YES;
				GCC_WARN_64_TO_32_BIT_CONVERSION = YES;
				GCC_WARN_ABOUT_RETURN_TYPE = YES_ERROR;
				GCC_WARN_UNDECLARED_SELECTOR = YES;
				GCC_WARN_UNINITIALIZED_AUTOS = YES_AGGRESSIVE;
				GCC_WARN_UNUSED_FUNCTION = YES;
				GCC_WARN_UNUSED_VARIABLE = YES;
				IPHONEOS_DEPLOYMENT_TARGET = 14.5;
				MTL_ENABLE_DEBUG_INFO = NO;
				MTL_FAST_MATH = YES;
				SDKROOT = iphoneos;
				SWIFT_COMPILATION_MODE = wholemodule;
				SWIFT_OPTIMIZATION_LEVEL = "-O";
				VALIDATE_PRODUCT = YES;
			};
			name = Release;
		};
		047FDCED26F0872D00066BD6 /* Debug */ = {
			isa = XCBuildConfiguration;
			baseConfigurationReference = D01935E85FA96E2F9C6F327E /* Pods-Big Bite.debug.xcconfig */;
			buildSettings = {
				ASSETCATALOG_COMPILER_APPICON_NAME = AppIcon;
				ASSETCATALOG_COMPILER_GLOBAL_ACCENT_COLOR_NAME = AccentColor;
				CODE_SIGN_STYLE = Automatic;
				DEVELOPMENT_TEAM = 9WG2395BL6;
				INFOPLIST_FILE = "Big Bite/Info.plist";
				LD_RUNPATH_SEARCH_PATHS = (
					"$(inherited)",
					"@executable_path/Frameworks",
				);
				PRODUCT_BUNDLE_IDENTIFIER = "com.ansan.Big-Bite";
				PRODUCT_NAME = "$(TARGET_NAME)";
				SWIFT_VERSION = 5.0;
				TARGETED_DEVICE_FAMILY = "1,2";
			};
			name = Debug;
		};
		047FDCEE26F0872D00066BD6 /* Release */ = {
			isa = XCBuildConfiguration;
			baseConfigurationReference = 3A7324D65698DC4FFAEC70B8 /* Pods-Big Bite.release.xcconfig */;
			buildSettings = {
				ASSETCATALOG_COMPILER_APPICON_NAME = AppIcon;
				ASSETCATALOG_COMPILER_GLOBAL_ACCENT_COLOR_NAME = AccentColor;
				CODE_SIGN_STYLE = Automatic;
				DEVELOPMENT_TEAM = 9WG2395BL6;
				INFOPLIST_FILE = "Big Bite/Info.plist";
				LD_RUNPATH_SEARCH_PATHS = (
					"$(inherited)",
					"@executable_path/Frameworks",
				);
				PRODUCT_BUNDLE_IDENTIFIER = "com.ansan.Big-Bite";
				PRODUCT_NAME = "$(TARGET_NAME)";
				SWIFT_VERSION = 5.0;
				TARGETED_DEVICE_FAMILY = "1,2";
			};
			name = Release;
		};
/* End XCBuildConfiguration section */

/* Begin XCConfigurationList section */
		047FDCD326F0872B00066BD6 /* Build configuration list for PBXProject "Big Bite" */ = {
			isa = XCConfigurationList;
			buildConfigurations = (
				047FDCEA26F0872D00066BD6 /* Debug */,
				047FDCEB26F0872D00066BD6 /* Release */,
			);
			defaultConfigurationIsVisible = 0;
			defaultConfigurationName = Release;
		};
		047FDCEC26F0872D00066BD6 /* Build configuration list for PBXNativeTarget "Big Bite" */ = {
			isa = XCConfigurationList;
			buildConfigurations = (
				047FDCED26F0872D00066BD6 /* Debug */,
				047FDCEE26F0872D00066BD6 /* Release */,
			);
			defaultConfigurationIsVisible = 0;
			defaultConfigurationName = Release;
		};
/* End XCConfigurationList section */

/* Begin XCRemoteSwiftPackageReference section */
		0415051626F7F8BF001AA01B /* XCRemoteSwiftPackageReference "IQKeyboardManager" */ = {
			isa = XCRemoteSwiftPackageReference;
			repositoryURL = "https://github.com/hackiftekhar/IQKeyboardManager";
			requirement = {
				kind = upToNextMajorVersion;
				minimumVersion = 6.5.6;
			};
		};
/* End XCRemoteSwiftPackageReference section */

/* Begin XCSwiftPackageProductDependency section */
		0415051726F7F8BF001AA01B /* IQKeyboardManagerSwift */ = {
			isa = XCSwiftPackageProductDependency;
			package = 0415051626F7F8BF001AA01B /* XCRemoteSwiftPackageReference "IQKeyboardManager" */;
			productName = IQKeyboardManagerSwift;
		};
/* End XCSwiftPackageProductDependency section */
	};
	rootObject = 047FDCD026F0872B00066BD6 /* Project object */;
}
